// !$*UTF8*$!
{
	archiveVersion = 1;
	classes = {
	};
	objectVersion = 56;
	objects = {

/* Begin PBXBuildFile section */
		9405E3F42BF7EB55001E059D /* StackInSplitView.swift in Sources */ = {isa = PBXBuildFile; fileRef = 9405E3F32BF7EB55001E059D /* StackInSplitView.swift */; };
		9405E3F62BF83BA3001E059D /* RootView.swift in Sources */ = {isa = PBXBuildFile; fileRef = 9405E3F52BF83BA3001E059D /* RootView.swift */; };
		9405E3F92BF83DFE001E059D /* HomeView.swift in Sources */ = {isa = PBXBuildFile; fileRef = 9405E3F82BF83DFE001E059D /* HomeView.swift */; };
		9405E3FB2BF83E02001E059D /* SettingsView.swift in Sources */ = {isa = PBXBuildFile; fileRef = 9405E3FA2BF83E02001E059D /* SettingsView.swift */; };
		9405E3FD2BF83E0F001E059D /* SubDetailView.swift in Sources */ = {isa = PBXBuildFile; fileRef = 9405E3FC2BF83E0F001E059D /* SubDetailView.swift */; };
		9405E4032BF84028001E059D /* DetailView.swift in Sources */ = {isa = PBXBuildFile; fileRef = 9405E4022BF84028001E059D /* DetailView.swift */; };
		940B69B42C3B6838008207CB /* RoundedCorner+Ext.swift in Sources */ = {isa = PBXBuildFile; fileRef = 940B69B32C3B6838008207CB /* RoundedCorner+Ext.swift */; };
		940C97092BFEECC700A0BEAF /* LazySplitX.swift in Sources */ = {isa = PBXBuildFile; fileRef = 940C97082BFEECC700A0BEAF /* LazySplitX.swift */; };
		941A626C2BF9E1530040DC6C /* MenuView.swift in Sources */ = {isa = PBXBuildFile; fileRef = 941A626B2BF9E1530040DC6C /* MenuView.swift */; };
		941DB73C2C4F1299009E6EDF /* LSXService.swift in Sources */ = {isa = PBXBuildFile; fileRef = 941DB73B2C4F1299009E6EDF /* LSXService.swift */; };
		941DB73E2C4F12AA009E6EDF /* LSXViewModel.swift in Sources */ = {isa = PBXBuildFile; fileRef = 941DB73D2C4F12AA009E6EDF /* LSXViewModel.swift */; };
		9426B6EB2BF4A98C002D6230 /* UISplitView.swift in Sources */ = {isa = PBXBuildFile; fileRef = 9426B6EA2BF4A98C002D6230 /* UISplitView.swift */; };
		944324B02C1793DE001D9C2A /* Bug2Diagnosis in Resources */ = {isa = PBXBuildFile; fileRef = 944324AF2C1793DE001D9C2A /* Bug2Diagnosis */; };
		94462F5B2BF5A46300D0068F /* LSXDisplay.swift in Sources */ = {isa = PBXBuildFile; fileRef = 94462F582BF5A46300D0068F /* LSXDisplay.swift */; };
		9454536D2BED3C5E004762C0 /* LazySplitXApp.swift in Sources */ = {isa = PBXBuildFile; fileRef = 9454536C2BED3C5E004762C0 /* LazySplitXApp.swift */; };
		945453712BED3C5F004762C0 /* Assets.xcassets in Resources */ = {isa = PBXBuildFile; fileRef = 945453702BED3C5F004762C0 /* Assets.xcassets */; };
		945453742BED3C5F004762C0 /* Preview Assets.xcassets in Resources */ = {isa = PBXBuildFile; fileRef = 945453732BED3C5F004762C0 /* Preview Assets.xcassets */; };
		9454537D2BED406E004762C0 /* UIMenuView.swift in Sources */ = {isa = PBXBuildFile; fileRef = 9454537C2BED406E004762C0 /* UIMenuView.swift */; };
		9454539D2BEEE670004762C0 /* UIDetailView.swift in Sources */ = {isa = PBXBuildFile; fileRef = 9454539C2BEEE670004762C0 /* UIDetailView.swift */; };
		94790D5B2C124A5000059189 /* UIColorOverride.swift in Sources */ = {isa = PBXBuildFile; fileRef = 94790D5A2C124A5000059189 /* UIColorOverride.swift */; };
		94790D5D2C124ADC00059189 /* Content_UIKitSplit.swift in Sources */ = {isa = PBXBuildFile; fileRef = 94790D5C2C124ADC00059189 /* Content_UIKitSplit.swift */; };
/* End PBXBuildFile section */

/* Begin PBXFileReference section */
		9405E3F32BF7EB55001E059D /* StackInSplitView.swift */ = {isa = PBXFileReference; lastKnownFileType = sourcecode.swift; path = StackInSplitView.swift; sourceTree = "<group>"; };
		9405E3F52BF83BA3001E059D /* RootView.swift */ = {isa = PBXFileReference; lastKnownFileType = sourcecode.swift; path = RootView.swift; sourceTree = "<group>"; };
		9405E3F82BF83DFE001E059D /* HomeView.swift */ = {isa = PBXFileReference; lastKnownFileType = sourcecode.swift; path = HomeView.swift; sourceTree = "<group>"; };
		9405E3FA2BF83E02001E059D /* SettingsView.swift */ = {isa = PBXFileReference; lastKnownFileType = sourcecode.swift; path = SettingsView.swift; sourceTree = "<group>"; };
		9405E3FC2BF83E0F001E059D /* SubDetailView.swift */ = {isa = PBXFileReference; lastKnownFileType = sourcecode.swift; path = SubDetailView.swift; sourceTree = "<group>"; };
		9405E4022BF84028001E059D /* DetailView.swift */ = {isa = PBXFileReference; lastKnownFileType = sourcecode.swift; path = DetailView.swift; sourceTree = "<group>"; };
		940B69B32C3B6838008207CB /* RoundedCorner+Ext.swift */ = {isa = PBXFileReference; lastKnownFileType = sourcecode.swift; path = "RoundedCorner+Ext.swift"; sourceTree = "<group>"; };
		940C97072BFEEC0400A0BEAF /* README.md */ = {isa = PBXFileReference; lastKnownFileType = net.daringfireball.markdown; path = README.md; sourceTree = "<group>"; };
		940C97082BFEECC700A0BEAF /* LazySplitX.swift */ = {isa = PBXFileReference; lastKnownFileType = sourcecode.swift; path = LazySplitX.swift; sourceTree = "<group>"; };
		941A626B2BF9E1530040DC6C /* MenuView.swift */ = {isa = PBXFileReference; lastKnownFileType = sourcecode.swift; path = MenuView.swift; sourceTree = "<group>"; };
		941DB73B2C4F1299009E6EDF /* LSXService.swift */ = {isa = PBXFileReference; lastKnownFileType = sourcecode.swift; path = LSXService.swift; sourceTree = "<group>"; };
		941DB73D2C4F12AA009E6EDF /* LSXViewModel.swift */ = {isa = PBXFileReference; lastKnownFileType = sourcecode.swift; path = LSXViewModel.swift; sourceTree = "<group>"; };
		9426B6EA2BF4A98C002D6230 /* UISplitView.swift */ = {isa = PBXFileReference; lastKnownFileType = sourcecode.swift; path = UISplitView.swift; sourceTree = "<group>"; };
		944324AF2C1793DE001D9C2A /* Bug2Diagnosis */ = {isa = PBXFileReference; lastKnownFileType = text; path = Bug2Diagnosis; sourceTree = "<group>"; };
		94462F582BF5A46300D0068F /* LSXDisplay.swift */ = {isa = PBXFileReference; fileEncoding = 4; lastKnownFileType = sourcecode.swift; path = LSXDisplay.swift; sourceTree = "<group>"; };
		944FAA722C32645100EC45EF /* ProjectNotes.md */ = {isa = PBXFileReference; lastKnownFileType = net.daringfireball.markdown; path = ProjectNotes.md; sourceTree = "<group>"; };
		945453692BED3C5E004762C0 /* LazySplitX.app */ = {isa = PBXFileReference; explicitFileType = wrapper.application; includeInIndex = 0; path = LazySplitX.app; sourceTree = BUILT_PRODUCTS_DIR; };
		9454536C2BED3C5E004762C0 /* LazySplitXApp.swift */ = {isa = PBXFileReference; lastKnownFileType = sourcecode.swift; path = LazySplitXApp.swift; sourceTree = "<group>"; };
		945453702BED3C5F004762C0 /* Assets.xcassets */ = {isa = PBXFileReference; lastKnownFileType = folder.assetcatalog; path = Assets.xcassets; sourceTree = "<group>"; };
		945453732BED3C5F004762C0 /* Preview Assets.xcassets */ = {isa = PBXFileReference; lastKnownFileType = folder.assetcatalog; path = "Preview Assets.xcassets"; sourceTree = "<group>"; };
		9454537C2BED406E004762C0 /* UIMenuView.swift */ = {isa = PBXFileReference; lastKnownFileType = sourcecode.swift; path = UIMenuView.swift; sourceTree = "<group>"; };
		9454539C2BEEE670004762C0 /* UIDetailView.swift */ = {isa = PBXFileReference; lastKnownFileType = sourcecode.swift; path = UIDetailView.swift; sourceTree = "<group>"; };
		94790D5A2C124A5000059189 /* UIColorOverride.swift */ = {isa = PBXFileReference; fileEncoding = 4; lastKnownFileType = sourcecode.swift; path = UIColorOverride.swift; sourceTree = "<group>"; };
		94790D5C2C124ADC00059189 /* Content_UIKitSplit.swift */ = {isa = PBXFileReference; lastKnownFileType = sourcecode.swift; path = Content_UIKitSplit.swift; sourceTree = "<group>"; };
		94A4CACF2C28C99E00590777 /* iPhone15ProMax_LazySplit_v1.5.mov */ = {isa = PBXFileReference; lastKnownFileType = video.quicktime; path = iPhone15ProMax_LazySplit_v1.5.mov; sourceTree = "<group>"; };
		94A4CAD02C28C99F00590777 /* iPadPro11Inch_LazySplit_v1.5.mov */ = {isa = PBXFileReference; lastKnownFileType = video.quicktime; path = iPadPro11Inch_LazySplit_v1.5.mov; sourceTree = "<group>"; };
/* End PBXFileReference section */

/* Begin PBXFrameworksBuildPhase section */
		945453662BED3C5E004762C0 /* Frameworks */ = {
			isa = PBXFrameworksBuildPhase;
			buildActionMask = 2147483647;
			files = (
			);
			runOnlyForDeploymentPostprocessing = 0;
		};
/* End PBXFrameworksBuildPhase section */

/* Begin PBXGroup section */
		9405E3F72BF83DF5001E059D /* Views */ = {
			isa = PBXGroup;
			children = (
				9405E3F82BF83DFE001E059D /* HomeView.swift */,
				9405E3FA2BF83E02001E059D /* SettingsView.swift */,
				9405E3FC2BF83E0F001E059D /* SubDetailView.swift */,
				9405E4022BF84028001E059D /* DetailView.swift */,
			);
			path = Views;
			sourceTree = "<group>";
		};
		945453602BED3C5E004762C0 = {
			isa = PBXGroup;
			children = (
				94A4CAD02C28C99F00590777 /* iPadPro11Inch_LazySplit_v1.5.mov */,
				94A4CACF2C28C99E00590777 /* iPhone15ProMax_LazySplit_v1.5.mov */,
				940C97072BFEEC0400A0BEAF /* README.md */,
				944FAA722C32645100EC45EF /* ProjectNotes.md */,
				944324AF2C1793DE001D9C2A /* Bug2Diagnosis */,
				9454536B2BED3C5E004762C0 /* LazySplitX */,
				9454536A2BED3C5E004762C0 /* Products */,
			);
			sourceTree = "<group>";
		};
		9454536A2BED3C5E004762C0 /* Products */ = {
			isa = PBXGroup;
			children = (
				945453692BED3C5E004762C0 /* LazySplitX.app */,
			);
			name = Products;
			sourceTree = "<group>";
		};
		9454536B2BED3C5E004762C0 /* LazySplitX */ = {
			isa = PBXGroup;
			children = (
				9454536C2BED3C5E004762C0 /* LazySplitXApp.swift */,
				9405E3F52BF83BA3001E059D /* RootView.swift */,
				940C97082BFEECC700A0BEAF /* LazySplitX.swift */,
				94462F582BF5A46300D0068F /* LSXDisplay.swift */,
				941DB73B2C4F1299009E6EDF /* LSXService.swift */,
				941DB73D2C4F12AA009E6EDF /* LSXViewModel.swift */,
				94790D5A2C124A5000059189 /* UIColorOverride.swift */,
				941A626B2BF9E1530040DC6C /* MenuView.swift */,
				94F2FF772C13F04800C72F0C /* PastVersions */,
				9405E3F72BF83DF5001E059D /* Views */,
				945453702BED3C5F004762C0 /* Assets.xcassets */,
				945453722BED3C5F004762C0 /* Preview Content */,
				940B69B32C3B6838008207CB /* RoundedCorner+Ext.swift */,
			);
			path = LazySplitX;
			sourceTree = "<group>";
		};
		945453722BED3C5F004762C0 /* Preview Content */ = {
			isa = PBXGroup;
			children = (
				945453732BED3C5F004762C0 /* Preview Assets.xcassets */,
			);
			path = "Preview Content";
			sourceTree = "<group>";
		};
		94790D572C1249EE00059189 /* UIKitSplit */ = {
			isa = PBXGroup;
			children = (
				9454537C2BED406E004762C0 /* UIMenuView.swift */,
				9454539C2BEEE670004762C0 /* UIDetailView.swift */,
				9426B6EA2BF4A98C002D6230 /* UISplitView.swift */,
				94790D5C2C124ADC00059189 /* Content_UIKitSplit.swift */,
			);
			path = UIKitSplit;
			sourceTree = "<group>";
		};
		94F2FF772C13F04800C72F0C /* PastVersions */ = {
			isa = PBXGroup;
			children = (
				94790D572C1249EE00059189 /* UIKitSplit */,
				9405E3F32BF7EB55001E059D /* StackInSplitView.swift */,
			);
			path = PastVersions;
			sourceTree = "<group>";
		};
/* End PBXGroup section */

/* Begin PBXNativeTarget section */
		945453682BED3C5E004762C0 /* LazySplitX */ = {
			isa = PBXNativeTarget;
			buildConfigurationList = 945453772BED3C5F004762C0 /* Build configuration list for PBXNativeTarget "LazySplitX" */;
			buildPhases = (
				945453652BED3C5E004762C0 /* Sources */,
				945453662BED3C5E004762C0 /* Frameworks */,
				945453672BED3C5E004762C0 /* Resources */,
			);
			buildRules = (
			);
			dependencies = (
			);
			name = LazySplitX;
			productName = CustomSplitView;
			productReference = 945453692BED3C5E004762C0 /* LazySplitX.app */;
			productType = "com.apple.product-type.application";
		};
/* End PBXNativeTarget section */

/* Begin PBXProject section */
		945453612BED3C5E004762C0 /* Project object */ = {
			isa = PBXProject;
			attributes = {
				BuildIndependentTargetsInParallel = 1;
				LastSwiftUpdateCheck = 1530;
				LastUpgradeCheck = 1530;
				TargetAttributes = {
					945453682BED3C5E004762C0 = {
						CreatedOnToolsVersion = 15.3;
					};
				};
			};
			buildConfigurationList = 945453642BED3C5E004762C0 /* Build configuration list for PBXProject "LazySplitX" */;
			compatibilityVersion = "Xcode 14.0";
			developmentRegion = en;
			hasScannedForEncodings = 0;
			knownRegions = (
				en,
				Base,
			);
			mainGroup = 945453602BED3C5E004762C0;
			productRefGroup = 9454536A2BED3C5E004762C0 /* Products */;
			projectDirPath = "";
			projectRoot = "";
			targets = (
				945453682BED3C5E004762C0 /* LazySplitX */,
			);
		};
/* End PBXProject section */

/* Begin PBXResourcesBuildPhase section */
		945453672BED3C5E004762C0 /* Resources */ = {
			isa = PBXResourcesBuildPhase;
			buildActionMask = 2147483647;
			files = (
				945453742BED3C5F004762C0 /* Preview Assets.xcassets in Resources */,
				945453712BED3C5F004762C0 /* Assets.xcassets in Resources */,
				944324B02C1793DE001D9C2A /* Bug2Diagnosis in Resources */,
			);
			runOnlyForDeploymentPostprocessing = 0;
		};
/* End PBXResourcesBuildPhase section */

/* Begin PBXSourcesBuildPhase section */
		945453652BED3C5E004762C0 /* Sources */ = {
			isa = PBXSourcesBuildPhase;
			buildActionMask = 2147483647;
			files = (
				9405E3FD2BF83E0F001E059D /* SubDetailView.swift in Sources */,
				9405E3F92BF83DFE001E059D /* HomeView.swift in Sources */,
				9405E3F42BF7EB55001E059D /* StackInSplitView.swift in Sources */,
				9405E4032BF84028001E059D /* DetailView.swift in Sources */,
				9454539D2BEEE670004762C0 /* UIDetailView.swift in Sources */,
				9454537D2BED406E004762C0 /* UIMenuView.swift in Sources */,
				941DB73C2C4F1299009E6EDF /* LSXService.swift in Sources */,
				9405E3FB2BF83E02001E059D /* SettingsView.swift in Sources */,
				940C97092BFEECC700A0BEAF /* LazySplitX.swift in Sources */,
				940B69B42C3B6838008207CB /* RoundedCorner+Ext.swift in Sources */,
				9405E3F62BF83BA3001E059D /* RootView.swift in Sources */,
				94790D5B2C124A5000059189 /* UIColorOverride.swift in Sources */,
				94462F5B2BF5A46300D0068F /* LSXDisplay.swift in Sources */,
				94790D5D2C124ADC00059189 /* Content_UIKitSplit.swift in Sources */,
				941A626C2BF9E1530040DC6C /* MenuView.swift in Sources */,
				9454536D2BED3C5E004762C0 /* LazySplitXApp.swift in Sources */,
				941DB73E2C4F12AA009E6EDF /* LSXViewModel.swift in Sources */,
				9426B6EB2BF4A98C002D6230 /* UISplitView.swift in Sources */,
			);
			runOnlyForDeploymentPostprocessing = 0;
		};
/* End PBXSourcesBuildPhase section */

/* Begin XCBuildConfiguration section */
		945453752BED3C5F004762C0 /* Debug */ = {
			isa = XCBuildConfiguration;
			buildSettings = {
				ALWAYS_SEARCH_USER_PATHS = NO;
				ASSETCATALOG_COMPILER_GENERATE_SWIFT_ASSET_SYMBOL_EXTENSIONS = YES;
				CLANG_ANALYZER_NONNULL = YES;
				CLANG_ANALYZER_NUMBER_OBJECT_CONVERSION = YES_AGGRESSIVE;
				CLANG_CXX_LANGUAGE_STANDARD = "gnu++20";
				CLANG_ENABLE_MODULES = YES;
				CLANG_ENABLE_OBJC_ARC = YES;
				CLANG_ENABLE_OBJC_WEAK = YES;
				CLANG_WARN_BLOCK_CAPTURE_AUTORELEASING = YES;
				CLANG_WARN_BOOL_CONVERSION = YES;
				CLANG_WARN_COMMA = YES;
				CLANG_WARN_CONSTANT_CONVERSION = YES;
				CLANG_WARN_DEPRECATED_OBJC_IMPLEMENTATIONS = YES;
				CLANG_WARN_DIRECT_OBJC_ISA_USAGE = YES_ERROR;
				CLANG_WARN_DOCUMENTATION_COMMENTS = YES;
				CLANG_WARN_EMPTY_BODY = YES;
				CLANG_WARN_ENUM_CONVERSION = YES;
				CLANG_WARN_INFINITE_RECURSION = YES;
				CLANG_WARN_INT_CONVERSION = YES;
				CLANG_WARN_NON_LITERAL_NULL_CONVERSION = YES;
				CLANG_WARN_OBJC_IMPLICIT_RETAIN_SELF = YES;
				CLANG_WARN_OBJC_LITERAL_CONVERSION = YES;
				CLANG_WARN_OBJC_ROOT_CLASS = YES_ERROR;
				CLANG_WARN_QUOTED_INCLUDE_IN_FRAMEWORK_HEADER = YES;
				CLANG_WARN_RANGE_LOOP_ANALYSIS = YES;
				CLANG_WARN_STRICT_PROTOTYPES = YES;
				CLANG_WARN_SUSPICIOUS_MOVE = YES;
				CLANG_WARN_UNGUARDED_AVAILABILITY = YES_AGGRESSIVE;
				CLANG_WARN_UNREACHABLE_CODE = YES;
				CLANG_WARN__DUPLICATE_METHOD_MATCH = YES;
				COPY_PHASE_STRIP = NO;
				DEBUG_INFORMATION_FORMAT = dwarf;
				ENABLE_STRICT_OBJC_MSGSEND = YES;
				ENABLE_TESTABILITY = YES;
				ENABLE_USER_SCRIPT_SANDBOXING = YES;
				GCC_C_LANGUAGE_STANDARD = gnu17;
				GCC_DYNAMIC_NO_PIC = NO;
				GCC_NO_COMMON_BLOCKS = YES;
				GCC_OPTIMIZATION_LEVEL = 0;
				GCC_PREPROCESSOR_DEFINITIONS = (
					"DEBUG=1",
					"$(inherited)",
				);
				GCC_WARN_64_TO_32_BIT_CONVERSION = YES;
				GCC_WARN_ABOUT_RETURN_TYPE = YES_ERROR;
				GCC_WARN_UNDECLARED_SELECTOR = YES;
				GCC_WARN_UNINITIALIZED_AUTOS = YES_AGGRESSIVE;
				GCC_WARN_UNUSED_FUNCTION = YES;
				GCC_WARN_UNUSED_VARIABLE = YES;
				IPHONEOS_DEPLOYMENT_TARGET = 17.0;
				LOCALIZATION_PREFERS_STRING_CATALOGS = YES;
				MTL_ENABLE_DEBUG_INFO = INCLUDE_SOURCE;
				MTL_FAST_MATH = YES;
				ONLY_ACTIVE_ARCH = YES;
				SDKROOT = iphoneos;
				SWIFT_ACTIVE_COMPILATION_CONDITIONS = "DEBUG $(inherited)";
				SWIFT_OPTIMIZATION_LEVEL = "-Onone";
			};
			name = Debug;
		};
		945453762BED3C5F004762C0 /* Release */ = {
			isa = XCBuildConfiguration;
			buildSettings = {
				ALWAYS_SEARCH_USER_PATHS = NO;
				ASSETCATALOG_COMPILER_GENERATE_SWIFT_ASSET_SYMBOL_EXTENSIONS = YES;
				CLANG_ANALYZER_NONNULL = YES;
				CLANG_ANALYZER_NUMBER_OBJECT_CONVERSION = YES_AGGRESSIVE;
				CLANG_CXX_LANGUAGE_STANDARD = "gnu++20";
				CLANG_ENABLE_MODULES = YES;
				CLANG_ENABLE_OBJC_ARC = YES;
				CLANG_ENABLE_OBJC_WEAK = YES;
				CLANG_WARN_BLOCK_CAPTURE_AUTORELEASING = YES;
				CLANG_WARN_BOOL_CONVERSION = YES;
				CLANG_WARN_COMMA = YES;
				CLANG_WARN_CONSTANT_CONVERSION = YES;
				CLANG_WARN_DEPRECATED_OBJC_IMPLEMENTATIONS = YES;
				CLANG_WARN_DIRECT_OBJC_ISA_USAGE = YES_ERROR;
				CLANG_WARN_DOCUMENTATION_COMMENTS = YES;
				CLANG_WARN_EMPTY_BODY = YES;
				CLANG_WARN_ENUM_CONVERSION = YES;
				CLANG_WARN_INFINITE_RECURSION = YES;
				CLANG_WARN_INT_CONVERSION = YES;
				CLANG_WARN_NON_LITERAL_NULL_CONVERSION = YES;
				CLANG_WARN_OBJC_IMPLICIT_RETAIN_SELF = YES;
				CLANG_WARN_OBJC_LITERAL_CONVERSION = YES;
				CLANG_WARN_OBJC_ROOT_CLASS = YES_ERROR;
				CLANG_WARN_QUOTED_INCLUDE_IN_FRAMEWORK_HEADER = YES;
				CLANG_WARN_RANGE_LOOP_ANALYSIS = YES;
				CLANG_WARN_STRICT_PROTOTYPES = YES;
				CLANG_WARN_SUSPICIOUS_MOVE = YES;
				CLANG_WARN_UNGUARDED_AVAILABILITY = YES_AGGRESSIVE;
				CLANG_WARN_UNREACHABLE_CODE = YES;
				CLANG_WARN__DUPLICATE_METHOD_MATCH = YES;
				COPY_PHASE_STRIP = NO;
				DEBUG_INFORMATION_FORMAT = "dwarf-with-dsym";
				ENABLE_NS_ASSERTIONS = NO;
				ENABLE_STRICT_OBJC_MSGSEND = YES;
				ENABLE_USER_SCRIPT_SANDBOXING = YES;
				GCC_C_LANGUAGE_STANDARD = gnu17;
				GCC_NO_COMMON_BLOCKS = YES;
				GCC_WARN_64_TO_32_BIT_CONVERSION = YES;
				GCC_WARN_ABOUT_RETURN_TYPE = YES_ERROR;
				GCC_WARN_UNDECLARED_SELECTOR = YES;
				GCC_WARN_UNINITIALIZED_AUTOS = YES_AGGRESSIVE;
				GCC_WARN_UNUSED_FUNCTION = YES;
				GCC_WARN_UNUSED_VARIABLE = YES;
				IPHONEOS_DEPLOYMENT_TARGET = 17.0;
				LOCALIZATION_PREFERS_STRING_CATALOGS = YES;
				MTL_ENABLE_DEBUG_INFO = NO;
				MTL_FAST_MATH = YES;
				SDKROOT = iphoneos;
				SWIFT_COMPILATION_MODE = wholemodule;
				VALIDATE_PRODUCT = YES;
			};
			name = Release;
		};
		945453782BED3C5F004762C0 /* Debug */ = {
			isa = XCBuildConfiguration;
			buildSettings = {
				ASSETCATALOG_COMPILER_APPICON_NAME = AppIcon;
				ASSETCATALOG_COMPILER_GLOBAL_ACCENT_COLOR_NAME = AccentColor;
				CODE_SIGN_STYLE = Automatic;
				CURRENT_PROJECT_VERSION = 1;
				DEVELOPMENT_ASSET_PATHS = "\"LazySplitX/Preview Content\"";
				DEVELOPMENT_TEAM = B7G7S38G7L;
				ENABLE_PREVIEWS = YES;
				GENERATE_INFOPLIST_FILE = YES;
				INFOPLIST_KEY_UIApplicationSceneManifest_Generation = YES;
				INFOPLIST_KEY_UIApplicationSupportsIndirectInputEvents = YES;
				INFOPLIST_KEY_UILaunchScreen_Generation = YES;
				INFOPLIST_KEY_UISupportedInterfaceOrientations_iPad = "UIInterfaceOrientationPortrait UIInterfaceOrientationPortraitUpsideDown UIInterfaceOrientationLandscapeLeft UIInterfaceOrientationLandscapeRight";
				INFOPLIST_KEY_UISupportedInterfaceOrientations_iPhone = "UIInterfaceOrientationPortrait UIInterfaceOrientationLandscapeLeft UIInterfaceOrientationLandscapeRight";
				IPHONEOS_DEPLOYMENT_TARGET = 17.0;
				LD_RUNPATH_SEARCH_PATHS = (
					"$(inherited)",
					"@executable_path/Frameworks",
				);
				MARKETING_VERSION = 1.7;
				PRODUCT_BUNDLE_IDENTIFIER = xavware.LazySplitX;
				PRODUCT_NAME = "$(TARGET_NAME)";
				SWIFT_EMIT_LOC_STRINGS = YES;
				SWIFT_VERSION = 5.0;
				TARGETED_DEVICE_FAMILY = "1,2";
			};
			name = Debug;
		};
		945453792BED3C5F004762C0 /* Release */ = {
			isa = XCBuildConfiguration;
			buildSettings = {
				ASSETCATALOG_COMPILER_APPICON_NAME = AppIcon;
				ASSETCATALOG_COMPILER_GLOBAL_ACCENT_COLOR_NAME = AccentColor;
				CODE_SIGN_STYLE = Automatic;
				CURRENT_PROJECT_VERSION = 1;
				DEVELOPMENT_ASSET_PATHS = "\"LazySplitX/Preview Content\"";
				DEVELOPMENT_TEAM = B7G7S38G7L;
				ENABLE_PREVIEWS = YES;
				GENERATE_INFOPLIST_FILE = YES;
				INFOPLIST_KEY_UIApplicationSceneManifest_Generation = YES;
				INFOPLIST_KEY_UIApplicationSupportsIndirectInputEvents = YES;
				INFOPLIST_KEY_UILaunchScreen_Generation = YES;
				INFOPLIST_KEY_UISupportedInterfaceOrientations_iPad = "UIInterfaceOrientationPortrait UIInterfaceOrientationPortraitUpsideDown UIInterfaceOrientationLandscapeLeft UIInterfaceOrientationLandscapeRight";
				INFOPLIST_KEY_UISupportedInterfaceOrientations_iPhone = "UIInterfaceOrientationPortrait UIInterfaceOrientationLandscapeLeft UIInterfaceOrientationLandscapeRight";
				IPHONEOS_DEPLOYMENT_TARGET = 17.0;
				LD_RUNPATH_SEARCH_PATHS = (
					"$(inherited)",
					"@executable_path/Frameworks",
				);
				MARKETING_VERSION = 1.7;
				PRODUCT_BUNDLE_IDENTIFIER = xavware.LazySplitX;
				PRODUCT_NAME = "$(TARGET_NAME)";
				SWIFT_EMIT_LOC_STRINGS = YES;
				SWIFT_VERSION = 5.0;
				TARGETED_DEVICE_FAMILY = "1,2";
			};
			name = Release;
		};
/* End XCBuildConfiguration section */

/* Begin XCConfigurationList section */
		945453642BED3C5E004762C0 /* Build configuration list for PBXProject "LazySplitX" */ = {
			isa = XCConfigurationList;
			buildConfigurations = (
				945453752BED3C5F004762C0 /* Debug */,
				945453762BED3C5F004762C0 /* Release */,
			);
			defaultConfigurationIsVisible = 0;
			defaultConfigurationName = Release;
		};
		945453772BED3C5F004762C0 /* Build configuration list for PBXNativeTarget "LazySplitX" */ = {
			isa = XCConfigurationList;
			buildConfigurations = (
				945453782BED3C5F004762C0 /* Debug */,
				945453792BED3C5F004762C0 /* Release */,
			);
			defaultConfigurationIsVisible = 0;
			defaultConfigurationName = Release;
		};
/* End XCConfigurationList section */
	};
	rootObject = 945453612BED3C5E004762C0 /* Project object */;
}
